
Microsoft Visual Studio Solution File, Format Version 12.00
# Visual Studio Version 16
VisualStudioVersion = 16.0.30320.27
MinimumVisualStudioVersion = 10.0.40219.1
Project("{FAE04EC0-301F-11D3-BF4B-00C04F79EFBC}") = "MultiKeyDictionaryProject", "TestProject\MultiKeyDictionaryProject.csproj", "{AC986DB7-EFF7-4889-896B-B3D0120FED23}"
EndProject
Project("{FAE04EC0-301F-11D3-BF4B-00C04F79EFBC}") = "MultiKeyDictionaryProjectTests", "MultiKeyDictionaryProjectTests\MultiKeyDictionaryProjectTests.csproj", "{CD9A6AFB-C6F7-40E8-BEA6-7DC08ADA1254}"
EndProject
Global
	GlobalSection(SolutionConfigurationPlatforms) = preSolution
		Debug|Any CPU = Debug|Any CPU
		Release|Any CPU = Release|Any CPU
	EndGlobalSection
	GlobalSection(ProjectConfigurationPlatforms) = postSolution
		{AC986DB7-EFF7-4889-896B-B3D0120FED23}.Debug|Any CPU.ActiveCfg = Debug|Any CPU
		{AC986DB7-EFF7-4889-896B-B3D0120FED23}.Debug|Any CPU.Build.0 = Debug|Any CPU
		{AC986DB7-EFF7-4889-896B-B3D0120FED23}.Release|Any CPU.ActiveCfg = Release|Any CPU
		{AC986DB7-EFF7-4889-896B-B3D0120FED23}.Release|Any CPU.Build.0 = Release|Any CPU
		{CD9A6AFB-C6F7-40E8-BEA6-7DC08ADA1254}.Debug|Any CPU.ActiveCfg = Debug|Any CPU
		{CD9A6AFB-C6F7-40E8-BEA6-7DC08ADA1254}.Debug|Any CPU.Build.0 = Debug|Any CPU
		{CD9A6AFB-C6F7-40E8-BEA6-7DC08ADA1254}.Release|Any CPU.ActiveCfg = Release|Any CPU
		{CD9A6AFB-C6F7-40E8-BEA6-7DC08ADA1254}.Release|Any CPU.Build.0 = Release|Any CPU
	EndGlobalSection
	GlobalSection(SolutionProperties) = preSolution
		HideSolutionNode = FALSE
	EndGlobalSection
	GlobalSection(ExtensibilityGlobals) = postSolution
		SolutionGuid = {A928739B-A323-457F-8D48-FBE70862F4BA}
	EndGlobalSection
EndGlobal
